// !$*UTF8*$!
{
	archiveVersion = 1;
	classes = {
	};
	objectVersion = 46;
	objects = {

/* Begin PBXBuildFile section */
		2F0A40DE1A60552800631D42 /* main.m in Sources */ = {isa = PBXBuildFile; fileRef = 2F0A40DD1A60552800631D42 /* main.m */; };
		2F0A40E11A60552800631D42 /* AppDelegate.m in Sources */ = {isa = PBXBuildFile; fileRef = 2F0A40E01A60552800631D42 /* AppDelegate.m */; };
		2F0A40E41A60552800631D42 /* FirstViewController.m in Sources */ = {isa = PBXBuildFile; fileRef = 2F0A40E31A60552800631D42 /* FirstViewController.m */; };
		2F0A40E71A60552800631D42 /* SecondViewController.m in Sources */ = {isa = PBXBuildFile; fileRef = 2F0A40E61A60552800631D42 /* SecondViewController.m */; };
		2F0A40EA1A60552800631D42 /* Main.storyboard in Resources */ = {isa = PBXBuildFile; fileRef = 2F0A40E81A60552800631D42 /* Main.storyboard */; };
		2F0A40EC1A60552800631D42 /* Images.xcassets in Resources */ = {isa = PBXBuildFile; fileRef = 2F0A40EB1A60552800631D42 /* Images.xcassets */; };
		2F0A40EF1A60552800631D42 /* LaunchScreen.xib in Resources */ = {isa = PBXBuildFile; fileRef = 2F0A40ED1A60552800631D42 /* LaunchScreen.xib */; };
		2F0A40FB1A60552800631D42 /* MyExpensesMobileiOSTests.m in Sources */ = {isa = PBXBuildFile; fileRef = 2F0A40FA1A60552800631D42 /* MyExpensesMobileiOSTests.m */; };
/* End PBXBuildFile section */

/* Begin PBXContainerItemProxy section */
		2F0A40F51A60552800631D42 /* PBXContainerItemProxy */ = {
			isa = PBXContainerItemProxy;
			containerPortal = 2F0A40D01A60552800631D42 /* Project object */;
			proxyType = 1;
			remoteGlobalIDString = 2F0A40D71A60552800631D42;
			remoteInfo = MyExpensesMobileiOS;
		};
/* End PBXContainerItemProxy section */

/* Begin PBXFileReference section */
		2F0A40D81A60552800631D42 /* MyExpensesMobileiOS.app */ = {isa = PBXFileReference; explicitFileType = wrapper.application; includeInIndex = 0; path = MyExpensesMobileiOS.app; sourceTree = BUILT_PRODUCTS_DIR; };
		2F0A40DC1A60552800631D42 /* Info.plist */ = {isa = PBXFileReference; lastKnownFileType = text.plist.xml; path = Info.plist; sourceTree = "<group>"; };
		2F0A40DD1A60552800631D42 /* main.m */ = {isa = PBXFileReference; lastKnownFileType = sourcecode.c.objc; path = main.m; sourceTree = "<group>"; };
		2F0A40DF1A60552800631D42 /* AppDelegate.h */ = {isa = PBXFileReference; lastKnownFileType = sourcecode.c.h; path = AppDelegate.h; sourceTree = "<group>"; };
		2F0A40E01A60552800631D42 /* AppDelegate.m */ = {isa = PBXFileReference; lastKnownFileType = sourcecode.c.objc; path = AppDelegate.m; sourceTree = "<group>"; };
		2F0A40E21A60552800631D42 /* FirstViewController.h */ = {isa = PBXFileReference; lastKnownFileType = sourcecode.c.h; path = FirstViewController.h; sourceTree = "<group>"; };
		2F0A40E31A60552800631D42 /* FirstViewController.m */ = {isa = PBXFileReference; lastKnownFileType = sourcecode.c.objc; path = FirstViewController.m; sourceTree = "<group>"; };
		2F0A40E51A60552800631D42 /* SecondViewController.h */ = {isa = PBXFileReference; lastKnownFileType = sourcecode.c.h; path = SecondViewController.h; sourceTree = "<group>"; };
		2F0A40E61A60552800631D42 /* SecondViewController.m */ = {isa = PBXFileReference; lastKnownFileType = sourcecode.c.objc; path = SecondViewController.m; sourceTree = "<group>"; };
		2F0A40E91A60552800631D42 /* Base */ = {isa = PBXFileReference; lastKnownFileType = file.storyboard; name = Base; path = Base.lproj/Main.storyboard; sourceTree = "<group>"; };
		2F0A40EB1A60552800631D42 /* Images.xcassets */ = {isa = PBXFileReference; lastKnownFileType = folder.assetcatalog; path = Images.xcassets; sourceTree = "<group>"; };
		2F0A40EE1A60552800631D42 /* Base */ = {isa = PBXFileReference; lastKnownFileType = file.xib; name = Base; path = Base.lproj/LaunchScreen.xib; sourceTree = "<group>"; };
		2F0A40F41A60552800631D42 /* MyExpensesMobileiOSTests.xctest */ = {isa = PBXFileReference; explicitFileType = wrapper.cfbundle; includeInIndex = 0; path = MyExpensesMobileiOSTests.xctest; sourceTree = BUILT_PRODUCTS_DIR; };
		2F0A40F91A60552800631D42 /* Info.plist */ = {isa = PBXFileReference; lastKnownFileType = text.plist.xml; path = Info.plist; sourceTree = "<group>"; };
		2F0A40FA1A60552800631D42 /* MyExpensesMobileiOSTests.m */ = {isa = PBXFileReference; lastKnownFileType = sourcecode.c.objc; path = MyExpensesMobileiOSTests.m; sourceTree = "<group>"; };
/* End PBXFileReference section */

/* Begin PBXFrameworksBuildPhase section */
		2F0A40D51A60552800631D42 /* Frameworks */ = {
			isa = PBXFrameworksBuildPhase;
			buildActionMask = 2147483647;
			files = (
			);
			runOnlyForDeploymentPostprocessing = 0;
		};
		2F0A40F11A60552800631D42 /* Frameworks */ = {
			isa = PBXFrameworksBuildPhase;
			buildActionMask = 2147483647;
			files = (
			);
			runOnlyForDeploymentPostprocessing = 0;
		};
/* End PBXFrameworksBuildPhase section */

/* Begin PBXGroup section */
		2F0A40CF1A60552800631D42 = {
			isa = PBXGroup;
			children = (
				2F0A40DA1A60552800631D42 /* MyExpensesMobileiOS */,
				2F0A40F71A60552800631D42 /* MyExpensesMobileiOSTests */,
				2F0A40D91A60552800631D42 /* Products */,
			);
			sourceTree = "<group>";
		};
		2F0A40D91A60552800631D42 /* Products */ = {
			isa = PBXGroup;
			children = (
				2F0A40D81A60552800631D42 /* MyExpensesMobileiOS.app */,
				2F0A40F41A60552800631D42 /* MyExpensesMobileiOSTests.xctest */,
			);
			name = Products;
			sourceTree = "<group>";
		};
		2F0A40DA1A60552800631D42 /* MyExpensesMobileiOS */ = {
			isa = PBXGroup;
			children = (
				2F0A40DF1A60552800631D42 /* AppDelegate.h */,
				2F0A40E01A60552800631D42 /* AppDelegate.m */,
				2F0A40E21A60552800631D42 /* FirstViewController.h */,
				2F0A40E31A60552800631D42 /* FirstViewController.m */,
				2F0A40E51A60552800631D42 /* SecondViewController.h */,
				2F0A40E61A60552800631D42 /* SecondViewController.m */,
				2F0A40E81A60552800631D42 /* Main.storyboard */,
				2F0A40EB1A60552800631D42 /* Images.xcassets */,
				2F0A40ED1A60552800631D42 /* LaunchScreen.xib */,
				2F0A40DB1A60552800631D42 /* Supporting Files */,
			);
			path = MyExpensesMobileiOS;
			sourceTree = "<group>";
		};
		2F0A40DB1A60552800631D42 /* Supporting Files */ = {
			isa = PBXGroup;
			children = (
				2F0A40DC1A60552800631D42 /* Info.plist */,
				2F0A40DD1A60552800631D42 /* main.m */,
			);
			name = "Supporting Files";
			sourceTree = "<group>";
		};
		2F0A40F71A60552800631D42 /* MyExpensesMobileiOSTests */ = {
			isa = PBXGroup;
			children = (
				2F0A40FA1A60552800631D42 /* MyExpensesMobileiOSTests.m */,
				2F0A40F81A60552800631D42 /* Supporting Files */,
			);
			path = MyExpensesMobileiOSTests;
			sourceTree = "<group>";
		};
		2F0A40F81A60552800631D42 /* Supporting Files */ = {
			isa = PBXGroup;
			children = (
				2F0A40F91A60552800631D42 /* Info.plist */,
			);
			name = "Supporting Files";
			sourceTree = "<group>";
		};
/* End PBXGroup section */

/* Begin PBXNativeTarget section */
		2F0A40D71A60552800631D42 /* MyExpensesMobileiOS */ = {
			isa = PBXNativeTarget;
			buildConfigurationList = 2F0A40FE1A60552800631D42 /* Build configuration list for PBXNativeTarget "MyExpensesMobileiOS" */;
			buildPhases = (
				2F0A40D41A60552800631D42 /* Sources */,
				2F0A40D51A60552800631D42 /* Frameworks */,
				2F0A40D61A60552800631D42 /* Resources */,
			);
			buildRules = (
			);
			dependencies = (
			);
			name = MyExpensesMobileiOS;
			productName = MyExpensesMobileiOS;
			productReference = 2F0A40D81A60552800631D42 /* MyExpensesMobileiOS.app */;
			productType = "com.apple.product-type.application";
		};
		2F0A40F31A60552800631D42 /* MyExpensesMobileiOSTests */ = {
			isa = PBXNativeTarget;
			buildConfigurationList = 2F0A41011A60552800631D42 /* Build configuration list for PBXNativeTarget "MyExpensesMobileiOSTests" */;
			buildPhases = (
				2F0A40F01A60552800631D42 /* Sources */,
				2F0A40F11A60552800631D42 /* Frameworks */,
				2F0A40F21A60552800631D42 /* Resources */,
			);
			buildRules = (
			);
			dependencies = (
				2F0A40F61A60552800631D42 /* PBXTargetDependency */,
			);
			name = MyExpensesMobileiOSTests;
			productName = MyExpensesMobileiOSTests;
			productReference = 2F0A40F41A60552800631D42 /* MyExpensesMobileiOSTests.xctest */;
			productType = "com.apple.product-type.bundle.unit-test";
		};
/* End PBXNativeTarget section */

/* Begin PBXProject section */
		2F0A40D01A60552800631D42 /* Project object */ = {
			isa = PBXProject;
			attributes = {
				LastUpgradeCheck = 0610;
				ORGANIZATIONNAME = "Leandro Loureiro";
				TargetAttributes = {
					2F0A40D71A60552800631D42 = {
						CreatedOnToolsVersion = 6.1.1;
					};
					2F0A40F31A60552800631D42 = {
						CreatedOnToolsVersion = 6.1.1;
						TestTargetID = 2F0A40D71A60552800631D42;
					};
				};
			};
			buildConfigurationList = 2F0A40D31A60552800631D42 /* Build configuration list for PBXProject "MyExpensesMobileiOS" */;
			compatibilityVersion = "Xcode 3.2";
			developmentRegion = English;
			hasScannedForEncodings = 0;
			knownRegions = (
				en,
				Base,
			);
			mainGroup = 2F0A40CF1A60552800631D42;
			productRefGroup = 2F0A40D91A60552800631D42 /* Products */;
			projectDirPath = "";
			projectRoot = "";
			targets = (
				2F0A40D71A60552800631D42 /* MyExpensesMobileiOS */,
				2F0A40F31A60552800631D42 /* MyExpensesMobileiOSTests */,
			);
		};
/* End PBXProject section */

/* Begin PBXResourcesBuildPhase section */
		2F0A40D61A60552800631D42 /* Resources */ = {
			isa = PBXResourcesBuildPhase;
			buildActionMask = 2147483647;
			files = (
				2F0A40EA1A60552800631D42 /* Main.storyboard in Resources */,
				2F0A40EF1A60552800631D42 /* LaunchScreen.xib in Resources */,
				2F0A40EC1A60552800631D42 /* Images.xcassets in Resources */,
			);
			runOnlyForDeploymentPostprocessing = 0;
		};
		2F0A40F21A60552800631D42 /* Resources */ = {
			isa = PBXResourcesBuildPhase;
			buildActionMask = 2147483647;
			files = (
			);
			runOnlyForDeploymentPostprocessing = 0;
		};
/* End PBXResourcesBuildPhase section */

/* Begin PBXSourcesBuildPhase section */
		2F0A40D41A60552800631D42 /* Sources */ = {
			isa = PBXSourcesBuildPhase;
			buildActionMask = 2147483647;
			files = (
				2F0A40E71A60552800631D42 /* SecondViewController.m in Sources */,
				2F0A40E11A60552800631D42 /* AppDelegate.m in Sources */,
				2F0A40E41A60552800631D42 /* FirstViewController.m in Sources */,
				2F0A40DE1A60552800631D42 /* main.m in Sources */,
			);
			runOnlyForDeploymentPostprocessing = 0;
		};
		2F0A40F01A60552800631D42 /* Sources */ = {
			isa = PBXSourcesBuildPhase;
			buildActionMask = 2147483647;
			files = (
				2F0A40FB1A60552800631D42 /* MyExpensesMobileiOSTests.m in Sources */,
			);
			runOnlyForDeploymentPostprocessing = 0;
		};
/* End PBXSourcesBuildPhase section */

/* Begin PBXTargetDependency section */
		2F0A40F61A60552800631D42 /* PBXTargetDependency */ = {
			isa = PBXTargetDependency;
			target = 2F0A40D71A60552800631D42 /* MyExpensesMobileiOS */;
			targetProxy = 2F0A40F51A60552800631D42 /* PBXContainerItemProxy */;
		};
/* End PBXTargetDependency section */

/* Begin PBXVariantGroup section */
		2F0A40E81A60552800631D42 /* Main.storyboard */ = {
			isa = PBXVariantGroup;
			children = (
				2F0A40E91A60552800631D42 /* Base */,
			);
			name = Main.storyboard;
			sourceTree = "<group>";
		};
		2F0A40ED1A60552800631D42 /* LaunchScreen.xib */ = {
			isa = PBXVariantGroup;
			children = (
				2F0A40EE1A60552800631D42 /* Base */,
			);
			name = LaunchScreen.xib;
			sourceTree = "<group>";
		};
/* End PBXVariantGroup section */

/* Begin XCBuildConfiguration section */
		2F0A40FC1A60552800631D42 /* Debug */ = {
			isa = XCBuildConfiguration;
			buildSettings = {
				ALWAYS_SEARCH_USER_PATHS = NO;
				CLANG_CXX_LANGUAGE_STANDARD = "gnu++0x";
				CLANG_CXX_LIBRARY = "libc++";
				CLANG_ENABLE_MODULES = YES;
				CLANG_ENABLE_OBJC_ARC = YES;
				CLANG_WARN_BOOL_CONVERSION = YES;
				CLANG_WARN_CONSTANT_CONVERSION = YES;
				CLANG_WARN_DIRECT_OBJC_ISA_USAGE = YES_ERROR;
				CLANG_WARN_EMPTY_BODY = YES;
				CLANG_WARN_ENUM_CONVERSION = YES;
				CLANG_WARN_INT_CONVERSION = YES;
				CLANG_WARN_OBJC_ROOT_CLASS = YES_ERROR;
				CLANG_WARN_UNREACHABLE_CODE = YES;
				CLANG_WARN__DUPLICATE_METHOD_MATCH = YES;
				"CODE_SIGN_IDENTITY[sdk=iphoneos*]" = "iPhone Developer";
				COPY_PHASE_STRIP = NO;
				ENABLE_STRICT_OBJC_MSGSEND = YES;
				GCC_C_LANGUAGE_STANDARD = gnu99;
				GCC_DYNAMIC_NO_PIC = NO;
				GCC_OPTIMIZATION_LEVEL = 0;
				GCC_PREPROCESSOR_DEFINITIONS = (
					"DEBUG=1",
					"$(inherited)",
				);
				GCC_SYMBOLS_PRIVATE_EXTERN = NO;
				GCC_WARN_64_TO_32_BIT_CONVERSION = YES;
				GCC_WARN_ABOUT_RETURN_TYPE = YES_ERROR;
				GCC_WARN_UNDECLARED_SELECTOR = YES;
				GCC_WARN_UNINITIALIZED_AUTOS = YES_AGGRESSIVE;
				GCC_WARN_UNUSED_FUNCTION = YES;
				GCC_WARN_UNUSED_VARIABLE = YES;
				IPHONEOS_DEPLOYMENT_TARGET = 8.1;
				MTL_ENABLE_DEBUG_INFO = YES;
				ONLY_ACTIVE_ARCH = YES;
				SDKROOT = iphoneos;
			};
			name = Debug;
		};
		2F0A40FD1A60552800631D42 /* Release */ = {
			isa = XCBuildConfiguration;
			buildSettings = {
				ALWAYS_SEARCH_USER_PATHS = NO;
				CLANG_CXX_LANGUAGE_STANDARD = "gnu++0x";
				CLANG_CXX_LIBRARY = "libc++";
				CLANG_ENABLE_MODULES = YES;
				CLANG_ENABLE_OBJC_ARC = YES;
				CLANG_WARN_BOOL_CONVERSION = YES;
				CLANG_WARN_CONSTANT_CONVERSION = YES;
				CLANG_WARN_DIRECT_OBJC_ISA_USAGE = YES_ERROR;
				CLANG_WARN_EMPTY_BODY = YES;
				CLANG_WARN_ENUM_CONVERSION = YES;
				CLANG_WARN_INT_CONVERSION = YES;
				CLANG_WARN_OBJC_ROOT_CLASS = YES_ERROR;
				CLANG_WARN_UNREACHABLE_CODE = YES;
				CLANG_WARN__DUPLICATE_METHOD_MATCH = YES;
				"CODE_SIGN_IDENTITY[sdk=iphoneos*]" = "iPhone Developer";
				COPY_PHASE_STRIP = YES;
				ENABLE_NS_ASSERTIONS = NO;
				ENABLE_STRICT_OBJC_MSGSEND = YES;
				GCC_C_LANGUAGE_STANDARD = gnu99;
				GCC_WARN_64_TO_32_BIT_CONVERSION = YES;
				GCC_WARN_ABOUT_RETURN_TYPE = YES_ERROR;
				GCC_WARN_UNDECLARED_SELECTOR = YES;
				GCC_WARN_UNINITIALIZED_AUTOS = YES_AGGRESSIVE;
				GCC_WARN_UNUSED_FUNCTION = YES;
				GCC_WARN_UNUSED_VARIABLE = YES;
				IPHONEOS_DEPLOYMENT_TARGET = 8.1;
				MTL_ENABLE_DEBUG_INFO = NO;
				SDKROOT = iphoneos;
				VALIDATE_PRODUCT = YES;
			};
			name = Release;
		};
		2F0A40FF1A60552800631D42 /* Debug */ = {
			isa = XCBuildConfiguration;
			buildSettings = {
				ASSETCATALOG_COMPILER_APPICON_NAME = AppIcon;
				INFOPLIST_FILE = MyExpensesMobileiOS/Info.plist;
				LD_RUNPATH_SEARCH_PATHS = "$(inherited) @executable_path/Frameworks";
				PRODUCT_NAME = "$(TARGET_NAME)";
			};
			name = Debug;
		};
		2F0A41001A60552800631D42 /* Release */ = {
			isa = XCBuildConfiguration;
			buildSettings = {
				ASSETCATALOG_COMPILER_APPICON_NAME = AppIcon;
				INFOPLIST_FILE = MyExpensesMobileiOS/Info.plist;
				LD_RUNPATH_SEARCH_PATHS = "$(inherited) @executable_path/Frameworks";
				PRODUCT_NAME = "$(TARGET_NAME)";
			};
			name = Release;
		};
		2F0A41021A60552800631D42 /* Debug */ = {
			isa = XCBuildConfiguration;
			buildSettings = {
				BUNDLE_LOADER = "$(TEST_HOST)";
				FRAMEWORK_SEARCH_PATHS = (
					"$(SDKROOT)/Developer/Library/Frameworks",
					"$(inherited)",
				);
				GCC_PREPROCESSOR_DEFINITIONS = (
					"DEBUG=1",
					"$(inherited)",
				);
				INFOPLIST_FILE = MyExpensesMobileiOSTests/Info.plist;
				LD_RUNPATH_SEARCH_PATHS = "$(inherited) @executable_path/Frameworks @loader_path/Frameworks";
				PRODUCT_NAME = "$(TARGET_NAME)";
				TEST_HOST = "$(BUILT_PRODUCTS_DIR)/MyExpensesMobileiOS.app/MyExpensesMobileiOS";
			};
			name = Debug;
		};
		2F0A41031A60552800631D42 /* Release */ = {
			isa = XCBuildConfiguration;
			buildSettings = {
				BUNDLE_LOADER = "$(TEST_HOST)";
				FRAMEWORK_SEARCH_PATHS = (
					"$(SDKROOT)/Developer/Library/Frameworks",
					"$(inherited)",
				);
				INFOPLIST_FILE = MyExpensesMobileiOSTests/Info.plist;
				LD_RUNPATH_SEARCH_PATHS = "$(inherited) @executable_path/Frameworks @loader_path/Frameworks";
				PRODUCT_NAME = "$(TARGET_NAME)";
				TEST_HOST = "$(BUILT_PRODUCTS_DIR)/MyExpensesMobileiOS.app/MyExpensesMobileiOS";
			};
			name = Release;
		};
/* End XCBuildConfiguration section */

/* Begin XCConfigurationList section */
		2F0A40D31A60552800631D42 /* Build configuration list for PBXProject "MyExpensesMobileiOS" */ = {
			isa = XCConfigurationList;
			buildConfigurations = (
				2F0A40FC1A60552800631D42 /* Debug */,
				2F0A40FD1A60552800631D42 /* Release */,
			);
			defaultConfigurationIsVisible = 0;
			defaultConfigurationName = Release;
		};
		2F0A40FE1A60552800631D42 /* Build configuration list for PBXNativeTarget "MyExpensesMobileiOS" */ = {
			isa = XCConfigurationList;
			buildConfigurations = (
				2F0A40FF1A60552800631D42 /* Debug */,
				2F0A41001A60552800631D42 /* Release */,
			);
			defaultConfigurationIsVisible = 0;
		};
		2F0A41011A60552800631D42 /* Build configuration list for PBXNativeTarget "MyExpensesMobileiOSTests" */ = {
			isa = XCConfigurationList;
			buildConfigurations = (
				2F0A41021A60552800631D42 /* Debug */,
				2F0A41031A60552800631D42 /* Release */,
			);
			defaultConfigurationIsVisible = 0;
		};
/* End XCConfigurationList section */
	};
	rootObject = 2F0A40D01A60552800631D42 /* Project object */;
}
